github.com/dimchat/core-go v0.4.1-0.20260221170836-72365993c294 h1:SNsSFregSh5zND6JuZ8/KO28+HCbsTVLWjesZ9yPQ8k=
github.com/dimchat/core-go v0.4.1-0.20260221170836-72365993c294/go.mod h1:bTW9UKlTVHgeEHiAC8crBr0V2McbOnvkYigy1NwP5N8=
github.com/dimchat/dkd-go v0.4.1-0.20260220155005-498096335e05 h1:+J2dQ7EM4uRkGEvZVMIGL1SuQxitPPY1dDWfzsoH0YM=
github.com/dimchat/dkd-go v0.4.1-0.20260220155005-498096335e05/go.mod h1:Zz7kb9W2OoS6waihvt0QzicFIeWfzVaMloRrQ3LZ4LE=
github.com/dimchat/mkm-go v0.3.1-0.20260220152354-94960298c296 h1:Y5Ox8uqT5H+ANuJppA3aJhKEAxGTEsZrHdnPJvrChjg=
github.com/dimchat/mkm-go v0.3.1-0.20260220152354-94960298c296/go.mod h1:rRD77W4jdUAkfNA2fBa+co3/ADLpuTE9EXtlrldz39U=
