github.com/dimchat/core-go v0.0.0-20210207183845-aefbcdb41c4c h1:cXX8bA/RxDfl1CHbxCkgeX0vUPBpj8PPoanh/nrd5Ng=
github.com/dimchat/core-go v0.0.0-20210207183845-aefbcdb41c4c/go.mod h1:eDQgrQJt+s7dbreTx5QQlee579cQFxdLuNA1H0w2HZM=
github.com/dimchat/dkd-go v0.0.0-20210207183635-56db6f4fa784 h1:2IVIJC8TFbSquag/tPSs+yVyelNASXlzstu9Hzdp6DY=
github.com/dimchat/dkd-go v0.0.0-20210207183635-56db6f4fa784/go.mod h1:q0fvJMhNhTidcfbOPmgXciE+dBYuN5fOjbUTfHGzu4s=
github.com/dimchat/mkm-go v0.0.0-20210207183338-40f1e10198c0 h1:F3C+l8c2XiNQCtn38QT0DGRUm0Qj9f7TgEO3QFyJsnM=
github.com/dimchat/mkm-go v0.0.0-20210207183338-40f1e10198c0/go.mod h1:rRD77W4jdUAkfNA2fBa+co3/ADLpuTE9EXtlrldz39U=
