github.com/dimchat/core-go v0.0.0-20210415093322-45664d16724a h1:ViR7Hu86e4n46no2XflZGshaSa2ndZzayNdw9qz8t7U=
github.com/dimchat/core-go v0.0.0-20210415093322-45664d16724a/go.mod h1:MEr8pvhiMf1LRo8viTbk2zsScgsjKcX8QwF6T0zUAJM=
github.com/dimchat/dkd-go v0.0.0-20210414171517-06861114c735 h1:wTK7BM8Bpj5NctQKkDNxQ0hvJQV1KPSSdCFSzsLyC+M=
github.com/dimchat/dkd-go v0.0.0-20210414171517-06861114c735/go.mod h1:2qJZviHXvgu/ZYhUAbOWUIIomTnnwI01/WlonLBEfuU=
github.com/dimchat/mkm-go v0.0.0-20210414084215-45042246a701 h1:+hwhVqGPLK3GNUDKW13SvmN6Ed5y/FQ5B8Ke/Txi9tw=
github.com/dimchat/mkm-go v0.0.0-20210414084215-45042246a701/go.mod h1:rRD77W4jdUAkfNA2fBa+co3/ADLpuTE9EXtlrldz39U=
