github.com/dimchat/core-go v0.0.0-20210307093703-9171944aa29a h1:enWIFCpEgKxB0JXJO3clguHPLt2DFzkIF1A5QcM5jXc=
github.com/dimchat/core-go v0.0.0-20210307093703-9171944aa29a/go.mod h1:njQaEh5DpIdGmx5HCDaY3O1WvnaT+KEJhqpQcqJPAQ0=
github.com/dimchat/dkd-go v0.0.0-20210307090311-0060751b54b0 h1:QbEFaRs5pNKfcTEBoZ1fwzlG49/pn/VLZfJz422E8M0=
github.com/dimchat/dkd-go v0.0.0-20210307090311-0060751b54b0/go.mod h1:vl0hsiTT4MU8SLG19Osw8lxX6GtOj9b5s+t/18QVpP8=
github.com/dimchat/mkm-go v0.0.0-20210307083543-185981b572bb h1:HOH2trM+FAITPNqwYQBB/cHyBrU2a9Kqk+qnH6FCzog=
github.com/dimchat/mkm-go v0.0.0-20210307083543-185981b572bb/go.mod h1:rRD77W4jdUAkfNA2fBa+co3/ADLpuTE9EXtlrldz39U=
