github.com/dimchat/core-go v0.0.0-20210407095533-837777df3800 h1:fJMlKkt7ku6e0V3CrRaFBcrk+Z+iDCqGOba/4WsPq0o=
github.com/dimchat/core-go v0.0.0-20210407095533-837777df3800/go.mod h1:vb6R7hkOIa6i4Leilo0ZKkUCSxBVaoQCRrBmgALI0Bs=
github.com/dimchat/dkd-go v0.0.0-20210407094812-806114380177 h1:5k8dK1LGtMOboI7RHjReHV8mKSonfHctGrZEk7LKZG4=
github.com/dimchat/dkd-go v0.0.0-20210407094812-806114380177/go.mod h1:SbAPWSUvvNZ8P/WzJL6+CCSHLXKB+zncZSafoNbCGuw=
github.com/dimchat/mkm-go v0.0.0-20210407094619-769821a29563 h1:C379qnEQcWkkhmpWAPHL9272WXfMxLU2tf/pE7gxUfg=
github.com/dimchat/mkm-go v0.0.0-20210407094619-769821a29563/go.mod h1:rRD77W4jdUAkfNA2fBa+co3/ADLpuTE9EXtlrldz39U=
